
Microsoft Visual Studio Solution File, Format Version 12.00
# Visual Studio Version 16
VisualStudioVersion = 16.0.31205.134
MinimumVisualStudioVersion = 10.0.40219.1
Project("{FAE04EC0-301F-11D3-BF4B-00C04F79EFBC}") = "BlazorWebAssemblyFluxor", "BlazorWebAssemblyFluxor.csproj", "{400FDD7E-552B-408A-A0A5-050AECAC4D7D}"
EndProject
Global
	GlobalSection(SolutionConfigurationPlatforms) = preSolution
		Debug|Any CPU = Debug|Any CPU
		Release|Any CPU = Release|Any CPU
	EndGlobalSection
	GlobalSection(ProjectConfigurationPlatforms) = postSolution
		{400FDD7E-552B-408A-A0A5-050AECAC4D7D}.Debug|Any CPU.ActiveCfg = Debug|Any CPU
		{400FDD7E-552B-408A-A0A5-050AECAC4D7D}.Debug|Any CPU.Build.0 = Debug|Any CPU
		{400FDD7E-552B-408A-A0A5-050AECAC4D7D}.Release|Any CPU.ActiveCfg = Release|Any CPU
		{400FDD7E-552B-408A-A0A5-050AECAC4D7D}.Release|Any CPU.Build.0 = Release|Any CPU
	EndGlobalSection
	GlobalSection(SolutionProperties) = preSolution
		HideSolutionNode = FALSE
	EndGlobalSection
	GlobalSection(ExtensibilityGlobals) = postSolution
		SolutionGuid = {071305B5-7B61-4DEB-AE9A-39DF8D9298BB}
	EndGlobalSection
EndGlobal
